
Microsoft Visual Studio Solution File, Format Version 12.00
# Visual Studio Version 17
VisualStudioVersion = 17.14.36915.13 d17.14
MinimumVisualStudioVersion = 10.0.40219.1
Project("{FAE04EC0-301F-11D3-BF4B-00C04F79EFBC}") = "ApiProjeKampi.WebApi", "ApiProjeKampi.WebApi\ApiProjeKampi.WebApi.csproj", "{928C38AA-0998-4086-AE83-6AA952E3A234}"
EndProject
Project("{FAE04EC0-301F-11D3-BF4B-00C04F79EFBC}") = "ApiProjeKampi.WebUI", "ApiProjeKampi.WebUI\ApiProjeKampi.WebUI.csproj", "{6205E5BD-980D-4E58-9CD9-4D0024EA8D43}"
EndProject
Global
	GlobalSection(SolutionConfigurationPlatforms) = preSolution
		Debug|Any CPU = Debug|Any CPU
		Release|Any CPU = Release|Any CPU
	EndGlobalSection
	GlobalSection(ProjectConfigurationPlatforms) = postSolution
		{928C38AA-0998-4086-AE83-6AA952E3A234}.Debug|Any CPU.ActiveCfg = Debug|Any CPU
		{928C38AA-0998-4086-AE83-6AA952E3A234}.Debug|Any CPU.Build.0 = Debug|Any CPU
		{928C38AA-0998-4086-AE83-6AA952E3A234}.Release|Any CPU.ActiveCfg = Release|Any CPU
		{928C38AA-0998-4086-AE83-6AA952E3A234}.Release|Any CPU.Build.0 = Release|Any CPU
		{6205E5BD-980D-4E58-9CD9-4D0024EA8D43}.Debug|Any CPU.ActiveCfg = Debug|Any CPU
		{6205E5BD-980D-4E58-9CD9-4D0024EA8D43}.Debug|Any CPU.Build.0 = Debug|Any CPU
		{6205E5BD-980D-4E58-9CD9-4D0024EA8D43}.Release|Any CPU.ActiveCfg = Release|Any CPU
		{6205E5BD-980D-4E58-9CD9-4D0024EA8D43}.Release|Any CPU.Build.0 = Release|Any CPU
	EndGlobalSection
	GlobalSection(SolutionProperties) = preSolution
		HideSolutionNode = FALSE
	EndGlobalSection
	GlobalSection(ExtensibilityGlobals) = postSolution
		SolutionGuid = {6D8613F9-8B7D-4FA0-8801-2D21B4D5F9C2}
	EndGlobalSection
EndGlobal
